
Microsoft Visual Studio Solution File, Format Version 12.00
# Visual Studio Version 17
VisualStudioVersion = 17.13.35931.197 d17.13
MinimumVisualStudioVersion = 10.0.40219.1
Project("{FAE04EC0-301F-11D3-BF4B-00C04F79EFBC}") = "ASM_Final_StoreX", "ASM_Final_StoreX.csproj", "{D9AEA61B-35AB-4CF7-9881-F1963A77E0A1}"
EndProject
Global
	GlobalSection(SolutionConfigurationPlatforms) = preSolution
		Debug|Any CPU = Debug|Any CPU
		Release|Any CPU = Release|Any CPU
	EndGlobalSection
	GlobalSection(ProjectConfigurationPlatforms) = postSolution
		{D9AEA61B-35AB-4CF7-9881-F1963A77E0A1}.Debug|Any CPU.ActiveCfg = Debug|Any CPU
		{D9AEA61B-35AB-4CF7-9881-F1963A77E0A1}.Debug|Any CPU.Build.0 = Debug|Any CPU
		{D9AEA61B-35AB-4CF7-9881-F1963A77E0A1}.Release|Any CPU.ActiveCfg = Release|Any CPU
		{D9AEA61B-35AB-4CF7-9881-F1963A77E0A1}.Release|Any CPU.Build.0 = Release|Any CPU
	EndGlobalSection
	GlobalSection(SolutionProperties) = preSolution
		HideSolutionNode = FALSE
	EndGlobalSection
	GlobalSection(ExtensibilityGlobals) = postSolution
		SolutionGuid = {79FF25AD-F62B-4191-9481-626E07DCE901}
	EndGlobalSection
EndGlobal
